{
  "name": "momentum-clone",
  "version": "1.0.0",
  "lockfileVersion": 1,
  "requires": true,
  "dependencies": {
    "typescript": {
      "version": "1.0.1",
      "resolved": "https://registry.npmjs.org/typescript/-/typescript-1.0.1.tgz",
      "integrity": "sha1-6OrN4whKCR0/4ptgrFhiJSZiolo=",
      "dev": true
    },
    "typescript-compile": {
      "version": "0.0.3",
      "resolved": "https://registry.npmjs.org/typescript-compile/-/typescript-compile-0.0.3.tgz",
      "integrity": "sha1-JxcMKApK4taz/RAQb/BEPU0903g=",
      "dev": true,
      "requires": {
        "typescript": "1.0.1"
      }
    }
  }
}
